PODS:
  - Alamofire (4.8.2)
  - AlamofireImage (3.5.2):
    - Alamofire (~> 4.8)
  - SwiftLint (0.33.0)

DEPENDENCIES:
  - Alamofire
  - AlamofireImage
  - SwiftLint

SPEC REPOS:
  https://github.com/cocoapods/specs.git:
    - Alamofire
    - AlamofireImage
    - SwiftLint

SPEC CHECKSUMS:
  Alamofire: ae5c501addb7afdbb13687d7f2f722c78734c2d3
  AlamofireImage: 63cfe3baf1370be6c498149687cf6db3e3b00999
  SwiftLint: fed9c66336e41fc74dc48a73678380718f0c8b0e

PODFILE CHECKSUM: 8d8ff77ff73b395e82b7cc5a9e1bdcd06afab22e

COCOAPODS: 1.7.3
