// !$*UTF8*$!
{
	archiveVersion = 1;
	classes = {
	};
	objectVersion = 51;
	objects = {

/* Begin PBXBuildFile section */
		8564605922F39906008904BE /* AppDelegate.swift in Sources */ = {isa = PBXBuildFile; fileRef = 8564605822F39906008904BE /* AppDelegate.swift */; };
		8564605B22F39906008904BE /* MainViewController.swift in Sources */ = {isa = PBXBuildFile; fileRef = 8564605A22F39906008904BE /* MainViewController.swift */; };
		8564605E22F39906008904BE /* Main.storyboard in Resources */ = {isa = PBXBuildFile; fileRef = 8564605C22F39906008904BE /* Main.storyboard */; };
		8564606022F39907008904BE /* Assets.xcassets in Resources */ = {isa = PBXBuildFile; fileRef = 8564605F22F39907008904BE /* Assets.xcassets */; };
		8564606322F39907008904BE /* LaunchScreen.storyboard in Resources */ = {isa = PBXBuildFile; fileRef = 8564606122F39907008904BE /* LaunchScreen.storyboard */; };
		8564607122F39C70008904BE /* MovieList.swift in Sources */ = {isa = PBXBuildFile; fileRef = 8564607022F39C70008904BE /* MovieList.swift */; };
		8564607322F39CD0008904BE /* Movie.swift in Sources */ = {isa = PBXBuildFile; fileRef = 8564607222F39CD0008904BE /* Movie.swift */; };
		8564607522F3A1BD008904BE /* HighlightCollectionItemCell.swift in Sources */ = {isa = PBXBuildFile; fileRef = 8564607422F3A1BD008904BE /* HighlightCollectionItemCell.swift */; };
		8564607822F3A22C008904BE /* MovieCell.swift in Sources */ = {isa = PBXBuildFile; fileRef = 8564607722F3A22C008904BE /* MovieCell.swift */; };
		8564607A22F3A23D008904BE /* HighlightCollectionItemCell.xib in Resources */ = {isa = PBXBuildFile; fileRef = 8564607922F3A23D008904BE /* HighlightCollectionItemCell.xib */; };
		8564608022F3A3AE008904BE /* SourceSansPro-Bold.ttf in Resources */ = {isa = PBXBuildFile; fileRef = 8564607C22F3A3AD008904BE /* SourceSansPro-Bold.ttf */; };
		8564608122F3A3AE008904BE /* SourceSansPro-Light.ttf in Resources */ = {isa = PBXBuildFile; fileRef = 8564607D22F3A3AD008904BE /* SourceSansPro-Light.ttf */; };
		8564608322F3A3AE008904BE /* SourceSansPro-Regular.ttf in Resources */ = {isa = PBXBuildFile; fileRef = 8564607F22F3A3AD008904BE /* SourceSansPro-Regular.ttf */; };
		8564608C22F3A7B6008904BE /* MovieListTests.swift in Sources */ = {isa = PBXBuildFile; fileRef = 8564608B22F3A7B6008904BE /* MovieListTests.swift */; };
		8564609422F3A962008904BE /* MovieCell.xib in Resources */ = {isa = PBXBuildFile; fileRef = 8564609322F3A962008904BE /* MovieCell.xib */; };
		8564609722F3AB45008904BE /* UIFont.swift in Sources */ = {isa = PBXBuildFile; fileRef = 8564609622F3AB45008904BE /* UIFont.swift */; };
		85A24AF922F3AF09000418F2 /* HighlightCell.swift in Sources */ = {isa = PBXBuildFile; fileRef = 85A24AF822F3AF09000418F2 /* HighlightCell.swift */; };
		85A24AFB22F3AF47000418F2 /* HighlightCell.xib in Resources */ = {isa = PBXBuildFile; fileRef = 85A24AFA22F3AF47000418F2 /* HighlightCell.xib */; };
		85A24AFD22F3B056000418F2 /* Colors.xcassets in Resources */ = {isa = PBXBuildFile; fileRef = 85A24AFC22F3B056000418F2 /* Colors.xcassets */; };
		85A24AFF22F3C40D000418F2 /* UIColor.swift in Sources */ = {isa = PBXBuildFile; fileRef = 85A24AFE22F3C40D000418F2 /* UIColor.swift */; };
		85A24B0122F3C74A000418F2 /* HeaderView.xib in Resources */ = {isa = PBXBuildFile; fileRef = 85A24B0022F3C74A000418F2 /* HeaderView.xib */; };
		85A24B0322F3C757000418F2 /* HeaderView.swift in Sources */ = {isa = PBXBuildFile; fileRef = 85A24B0222F3C757000418F2 /* HeaderView.swift */; };
		85A24B0522F3D396000418F2 /* MovieApi.swift in Sources */ = {isa = PBXBuildFile; fileRef = 85A24B0422F3D396000418F2 /* MovieApi.swift */; };
		85A24B0722F3D6B7000418F2 /* Request.swift in Sources */ = {isa = PBXBuildFile; fileRef = 85A24B0622F3D6B7000418F2 /* Request.swift */; };
		85C12D8A22F5B348007F8888 /* Bundle.swift in Sources */ = {isa = PBXBuildFile; fileRef = 85C12D8922F5B348007F8888 /* Bundle.swift */; };
		85C12DAA22F5D0D1007F8888 /* DetailViewController.swift in Sources */ = {isa = PBXBuildFile; fileRef = 85C12DA922F5D0D1007F8888 /* DetailViewController.swift */; };
		85C12DAC22F5F7C7007F8888 /* Genre.swift in Sources */ = {isa = PBXBuildFile; fileRef = 85C12DAB22F5F7C7007F8888 /* Genre.swift */; };
		85C12DAE22F5FC29007F8888 /* GenreList.swift in Sources */ = {isa = PBXBuildFile; fileRef = 85C12DAD22F5FC29007F8888 /* GenreList.swift */; };
		85C12DB122F5FDAF007F8888 /* MainMovieViewEntity.swift in Sources */ = {isa = PBXBuildFile; fileRef = 85C12DB022F5FDAF007F8888 /* MainMovieViewEntity.swift */; };
		85C12DB522F610A9007F8888 /* DetailViewModel.swift in Sources */ = {isa = PBXBuildFile; fileRef = 85C12DB422F610A9007F8888 /* DetailViewModel.swift */; };
		85C12DB822F610DA007F8888 /* DetailViewEntity.swift in Sources */ = {isa = PBXBuildFile; fileRef = 85C12DB722F610DA007F8888 /* DetailViewEntity.swift */; };
		85C12DBA22F68DD0007F8888 /* ServerError.swift in Sources */ = {isa = PBXBuildFile; fileRef = 85C12DB922F68DD0007F8888 /* ServerError.swift */; };
		85C12DBC22F6FFAC007F8888 /* Localizable.strings in Resources */ = {isa = PBXBuildFile; fileRef = 85C12DBB22F6FFAC007F8888 /* Localizable.strings */; };
		85C12DBE22F71F15007F8888 /* UIButton.swift in Sources */ = {isa = PBXBuildFile; fileRef = 85C12DBD22F71F15007F8888 /* UIButton.swift */; };
		85D188F422F4E8C900E819D4 /* MainViewModel.swift in Sources */ = {isa = PBXBuildFile; fileRef = 85D188F322F4E8C900E819D4 /* MainViewModel.swift */; };
		85D188F622F4E8F100E819D4 /* MainViewEntity.swift in Sources */ = {isa = PBXBuildFile; fileRef = 85D188F522F4E8F100E819D4 /* MainViewEntity.swift */; };
		85D188F822F4E9BA00E819D4 /* MainInteractor.swift in Sources */ = {isa = PBXBuildFile; fileRef = 85D188F722F4E9BA00E819D4 /* MainInteractor.swift */; };
		EF74C50968F6EE6EB242CCF5 /* Pods_MovieList.framework in Frameworks */ = {isa = PBXBuildFile; fileRef = 1C3231C71D0F3A68288A8ACC /* Pods_MovieList.framework */; };
/* End PBXBuildFile section */

/* Begin PBXContainerItemProxy section */
		8564608E22F3A7B6008904BE /* PBXContainerItemProxy */ = {
			isa = PBXContainerItemProxy;
			containerPortal = 8564604D22F39906008904BE /* Project object */;
			proxyType = 1;
			remoteGlobalIDString = 8564605422F39906008904BE;
			remoteInfo = MovieList;
		};
/* End PBXContainerItemProxy section */

/* Begin PBXFileReference section */
		1C3231C71D0F3A68288A8ACC /* Pods_MovieList.framework */ = {isa = PBXFileReference; explicitFileType = wrapper.framework; includeInIndex = 0; path = Pods_MovieList.framework; sourceTree = BUILT_PRODUCTS_DIR; };
		4151B0D7F631F9895853F7AB /* Pods-MovieList.release.xcconfig */ = {isa = PBXFileReference; includeInIndex = 1; lastKnownFileType = text.xcconfig; name = "Pods-MovieList.release.xcconfig"; path = "Target Support Files/Pods-MovieList/Pods-MovieList.release.xcconfig"; sourceTree = "<group>"; };
		8564605522F39906008904BE /* MovieList.app */ = {isa = PBXFileReference; explicitFileType = wrapper.application; includeInIndex = 0; path = MovieList.app; sourceTree = BUILT_PRODUCTS_DIR; };
		8564605822F39906008904BE /* AppDelegate.swift */ = {isa = PBXFileReference; lastKnownFileType = sourcecode.swift; path = AppDelegate.swift; sourceTree = "<group>"; };
		8564605A22F39906008904BE /* MainViewController.swift */ = {isa = PBXFileReference; lastKnownFileType = sourcecode.swift; path = MainViewController.swift; sourceTree = "<group>"; };
		8564605D22F39906008904BE /* Base */ = {isa = PBXFileReference; lastKnownFileType = file.storyboard; name = Base; path = Base.lproj/Main.storyboard; sourceTree = "<group>"; };
		8564605F22F39907008904BE /* Assets.xcassets */ = {isa = PBXFileReference; lastKnownFileType = folder.assetcatalog; path = Assets.xcassets; sourceTree = "<group>"; };
		8564606222F39907008904BE /* Base */ = {isa = PBXFileReference; lastKnownFileType = file.storyboard; name = Base; path = Base.lproj/LaunchScreen.storyboard; sourceTree = "<group>"; };
		8564606422F39907008904BE /* Info.plist */ = {isa = PBXFileReference; lastKnownFileType = text.plist.xml; path = Info.plist; sourceTree = "<group>"; };
		8564607022F39C70008904BE /* MovieList.swift */ = {isa = PBXFileReference; lastKnownFileType = sourcecode.swift; path = MovieList.swift; sourceTree = "<group>"; };
		8564607222F39CD0008904BE /* Movie.swift */ = {isa = PBXFileReference; lastKnownFileType = sourcecode.swift; path = Movie.swift; sourceTree = "<group>"; };
		8564607422F3A1BD008904BE /* HighlightCollectionItemCell.swift */ = {isa = PBXFileReference; lastKnownFileType = sourcecode.swift; path = HighlightCollectionItemCell.swift; sourceTree = "<group>"; };
		8564607722F3A22C008904BE /* MovieCell.swift */ = {isa = PBXFileReference; lastKnownFileType = sourcecode.swift; path = MovieCell.swift; sourceTree = "<group>"; };
		8564607922F3A23D008904BE /* HighlightCollectionItemCell.xib */ = {isa = PBXFileReference; lastKnownFileType = file.xib; path = HighlightCollectionItemCell.xib; sourceTree = "<group>"; };
		8564607C22F3A3AD008904BE /* SourceSansPro-Bold.ttf */ = {isa = PBXFileReference; lastKnownFileType = file; path = "SourceSansPro-Bold.ttf"; sourceTree = "<group>"; };
		8564607D22F3A3AD008904BE /* SourceSansPro-Light.ttf */ = {isa = PBXFileReference; lastKnownFileType = file; path = "SourceSansPro-Light.ttf"; sourceTree = "<group>"; };
		8564607F22F3A3AD008904BE /* SourceSansPro-Regular.ttf */ = {isa = PBXFileReference; lastKnownFileType = file; path = "SourceSansPro-Regular.ttf"; sourceTree = "<group>"; };
		8564608922F3A7B5008904BE /* MovieListTests.xctest */ = {isa = PBXFileReference; explicitFileType = wrapper.cfbundle; includeInIndex = 0; path = MovieListTests.xctest; sourceTree = BUILT_PRODUCTS_DIR; };
		8564608B22F3A7B6008904BE /* MovieListTests.swift */ = {isa = PBXFileReference; lastKnownFileType = sourcecode.swift; path = MovieListTests.swift; sourceTree = "<group>"; };
		8564608D22F3A7B6008904BE /* Info.plist */ = {isa = PBXFileReference; lastKnownFileType = text.plist.xml; path = Info.plist; sourceTree = "<group>"; };
		8564609322F3A962008904BE /* MovieCell.xib */ = {isa = PBXFileReference; lastKnownFileType = file.xib; path = MovieCell.xib; sourceTree = "<group>"; };
		8564609622F3AB45008904BE /* UIFont.swift */ = {isa = PBXFileReference; lastKnownFileType = sourcecode.swift; path = UIFont.swift; sourceTree = "<group>"; };
		85A24AF822F3AF09000418F2 /* HighlightCell.swift */ = {isa = PBXFileReference; lastKnownFileType = sourcecode.swift; path = HighlightCell.swift; sourceTree = "<group>"; };
		85A24AFA22F3AF47000418F2 /* HighlightCell.xib */ = {isa = PBXFileReference; lastKnownFileType = file.xib; path = HighlightCell.xib; sourceTree = "<group>"; };
		85A24AFC22F3B056000418F2 /* Colors.xcassets */ = {isa = PBXFileReference; lastKnownFileType = folder.assetcatalog; path = Colors.xcassets; sourceTree = "<group>"; };
		85A24AFE22F3C40D000418F2 /* UIColor.swift */ = {isa = PBXFileReference; lastKnownFileType = sourcecode.swift; path = UIColor.swift; sourceTree = "<group>"; };
		85A24B0022F3C74A000418F2 /* HeaderView.xib */ = {isa = PBXFileReference; lastKnownFileType = file.xib; path = HeaderView.xib; sourceTree = "<group>"; };
		85A24B0222F3C757000418F2 /* HeaderView.swift */ = {isa = PBXFileReference; lastKnownFileType = sourcecode.swift; path = HeaderView.swift; sourceTree = "<group>"; };
		85A24B0422F3D396000418F2 /* MovieApi.swift */ = {isa = PBXFileReference; lastKnownFileType = sourcecode.swift; path = MovieApi.swift; sourceTree = "<group>"; };
		85A24B0622F3D6B7000418F2 /* Request.swift */ = {isa = PBXFileReference; lastKnownFileType = sourcecode.swift; path = Request.swift; sourceTree = "<group>"; };
		85C12D8822F5ADB6007F8888 /* Release.xcconfig */ = {isa = PBXFileReference; lastKnownFileType = text.xcconfig; path = Release.xcconfig; sourceTree = "<group>"; };
		85C12D8922F5B348007F8888 /* Bundle.swift */ = {isa = PBXFileReference; lastKnownFileType = sourcecode.swift; path = Bundle.swift; sourceTree = "<group>"; };
		85C12DA922F5D0D1007F8888 /* DetailViewController.swift */ = {isa = PBXFileReference; lastKnownFileType = sourcecode.swift; path = DetailViewController.swift; sourceTree = "<group>"; };
		85C12DAB22F5F7C7007F8888 /* Genre.swift */ = {isa = PBXFileReference; lastKnownFileType = sourcecode.swift; path = Genre.swift; sourceTree = "<group>"; };
		85C12DAD22F5FC29007F8888 /* GenreList.swift */ = {isa = PBXFileReference; lastKnownFileType = sourcecode.swift; path = GenreList.swift; sourceTree = "<group>"; };
		85C12DB022F5FDAF007F8888 /* MainMovieViewEntity.swift */ = {isa = PBXFileReference; lastKnownFileType = sourcecode.swift; path = MainMovieViewEntity.swift; sourceTree = "<group>"; };
		85C12DB422F610A9007F8888 /* DetailViewModel.swift */ = {isa = PBXFileReference; lastKnownFileType = sourcecode.swift; name = DetailViewModel.swift; path = /Users/filipefaria/Documents/XCodeProject/ArcTouchTest/MovieList/MovieList/MovieList/MovieList/Detail/DetailViewModel.swift; sourceTree = "<absolute>"; };
		85C12DB722F610DA007F8888 /* DetailViewEntity.swift */ = {isa = PBXFileReference; lastKnownFileType = sourcecode.swift; path = DetailViewEntity.swift; sourceTree = "<group>"; };
		85C12DB922F68DD0007F8888 /* ServerError.swift */ = {isa = PBXFileReference; lastKnownFileType = sourcecode.swift; path = ServerError.swift; sourceTree = "<group>"; };
		85C12DBB22F6FFAC007F8888 /* Localizable.strings */ = {isa = PBXFileReference; lastKnownFileType = text.plist.strings; path = Localizable.strings; sourceTree = "<group>"; };
		85C12DBD22F71F15007F8888 /* UIButton.swift */ = {isa = PBXFileReference; lastKnownFileType = sourcecode.swift; path = UIButton.swift; sourceTree = "<group>"; };
		85D188F322F4E8C900E819D4 /* MainViewModel.swift */ = {isa = PBXFileReference; lastKnownFileType = sourcecode.swift; path = MainViewModel.swift; sourceTree = "<group>"; };
		85D188F522F4E8F100E819D4 /* MainViewEntity.swift */ = {isa = PBXFileReference; lastKnownFileType = sourcecode.swift; path = MainViewEntity.swift; sourceTree = "<group>"; };
		85D188F722F4E9BA00E819D4 /* MainInteractor.swift */ = {isa = PBXFileReference; lastKnownFileType = sourcecode.swift; path = MainInteractor.swift; sourceTree = "<group>"; };
		85D188F922F5A9D100E819D4 /* Debug.xcconfig */ = {isa = PBXFileReference; lastKnownFileType = text.xcconfig; path = Debug.xcconfig; sourceTree = "<group>"; };
		8822F5181EF3505350BB2100 /* Pods-MovieList.debug.xcconfig */ = {isa = PBXFileReference; includeInIndex = 1; lastKnownFileType = text.xcconfig; name = "Pods-MovieList.debug.xcconfig"; path = "Target Support Files/Pods-MovieList/Pods-MovieList.debug.xcconfig"; sourceTree = "<group>"; };
/* End PBXFileReference section */

/* Begin PBXFrameworksBuildPhase section */
		8564605222F39906008904BE /* Frameworks */ = {
			isa = PBXFrameworksBuildPhase;
			buildActionMask = 2147483647;
			files = (
				EF74C50968F6EE6EB242CCF5 /* Pods_MovieList.framework in Frameworks */,
			);
			runOnlyForDeploymentPostprocessing = 0;
		};
		8564608622F3A7B5008904BE /* Frameworks */ = {
			isa = PBXFrameworksBuildPhase;
			buildActionMask = 2147483647;
			files = (
			);
			runOnlyForDeploymentPostprocessing = 0;
		};
/* End PBXFrameworksBuildPhase section */

/* Begin PBXGroup section */
		6A523BD7E5F3A4364E7607A4 /* Pods */ = {
			isa = PBXGroup;
			children = (
				8822F5181EF3505350BB2100 /* Pods-MovieList.debug.xcconfig */,
				4151B0D7F631F9895853F7AB /* Pods-MovieList.release.xcconfig */,
			);
			path = Pods;
			sourceTree = "<group>";
		};
		8564604C22F39906008904BE = {
			isa = PBXGroup;
			children = (
				8564605722F39906008904BE /* MovieList */,
				8564608A22F3A7B6008904BE /* MovieListTests */,
				8564605622F39906008904BE /* Products */,
				6A523BD7E5F3A4364E7607A4 /* Pods */,
				C013A987A30272955E4FF046 /* Frameworks */,
			);
			sourceTree = "<group>";
		};
		8564605622F39906008904BE /* Products */ = {
			isa = PBXGroup;
			children = (
				8564605522F39906008904BE /* MovieList.app */,
				8564608922F3A7B5008904BE /* MovieListTests.xctest */,
			);
			name = Products;
			sourceTree = "<group>";
		};
		8564605722F39906008904BE /* MovieList */ = {
			isa = PBXGroup;
			children = (
				8564609522F3AB2D008904BE /* Extension */,
				8564606F22F39C3B008904BE /* Model */,
				8564606E22F39A65008904BE /* Api */,
				8564606C22F39A4A008904BE /* Detail */,
				8564606A22F39A22008904BE /* Main */,
				8564607B22F3A383008904BE /* Resources */,
				8564605C22F39906008904BE /* Main.storyboard */,
				8564605822F39906008904BE /* AppDelegate.swift */,
				8564606422F39907008904BE /* Info.plist */,
			);
			path = MovieList;
			sourceTree = "<group>";
		};
		8564606A22F39A22008904BE /* Main */ = {
			isa = PBXGroup;
			children = (
				8564607622F3A1C3008904BE /* Cell */,
				85C12DAF22F5FD91007F8888 /* ViewEntity */,
				8564605A22F39906008904BE /* MainViewController.swift */,
				85D188F322F4E8C900E819D4 /* MainViewModel.swift */,
				85D188F722F4E9BA00E819D4 /* MainInteractor.swift */,
			);
			path = Main;
			sourceTree = "<group>";
		};
		8564606C22F39A4A008904BE /* Detail */ = {
			isa = PBXGroup;
			children = (
				85C12DB622F610B4007F8888 /* ViewEntity */,
				85C12DA922F5D0D1007F8888 /* DetailViewController.swift */,
				85C12DB422F610A9007F8888 /* DetailViewModel.swift */,
			);
			path = Detail;
			sourceTree = "<group>";
		};
		8564606E22F39A65008904BE /* Api */ = {
			isa = PBXGroup;
			children = (
				85A24B0622F3D6B7000418F2 /* Request.swift */,
				85A24B0422F3D396000418F2 /* MovieApi.swift */,
			);
			path = Api;
			sourceTree = "<group>";
		};
		8564606F22F39C3B008904BE /* Model */ = {
			isa = PBXGroup;
			children = (
				8564607022F39C70008904BE /* MovieList.swift */,
				8564607222F39CD0008904BE /* Movie.swift */,
				85C12DAD22F5FC29007F8888 /* GenreList.swift */,
				85C12DAB22F5F7C7007F8888 /* Genre.swift */,
				85C12DB922F68DD0007F8888 /* ServerError.swift */,
			);
			path = Model;
			sourceTree = "<group>";
		};
		8564607622F3A1C3008904BE /* Cell */ = {
			isa = PBXGroup;
			children = (
				8564607422F3A1BD008904BE /* HighlightCollectionItemCell.swift */,
				8564607922F3A23D008904BE /* HighlightCollectionItemCell.xib */,
				8564607722F3A22C008904BE /* MovieCell.swift */,
				8564609322F3A962008904BE /* MovieCell.xib */,
				85A24AF822F3AF09000418F2 /* HighlightCell.swift */,
				85A24AFA22F3AF47000418F2 /* HighlightCell.xib */,
				85A24B0222F3C757000418F2 /* HeaderView.swift */,
				85A24B0022F3C74A000418F2 /* HeaderView.xib */,
			);
			path = Cell;
			sourceTree = "<group>";
		};
		8564607B22F3A383008904BE /* Resources */ = {
			isa = PBXGroup;
			children = (
				85D188FB22F5AC8600E819D4 /* Config */,
				8564608422F3A68D008904BE /* Fonts */,
				8564605F22F39907008904BE /* Assets.xcassets */,
				85A24AFC22F3B056000418F2 /* Colors.xcassets */,
				8564606122F39907008904BE /* LaunchScreen.storyboard */,
				85C12DBB22F6FFAC007F8888 /* Localizable.strings */,
			);
			path = Resources;
			sourceTree = "<group>";
		};
		8564608422F3A68D008904BE /* Fonts */ = {
			isa = PBXGroup;
			children = (
				8564607C22F3A3AD008904BE /* SourceSansPro-Bold.ttf */,
				8564607D22F3A3AD008904BE /* SourceSansPro-Light.ttf */,
				8564607F22F3A3AD008904BE /* SourceSansPro-Regular.ttf */,
			);
			path = Fonts;
			sourceTree = "<group>";
		};
		8564608A22F3A7B6008904BE /* MovieListTests */ = {
			isa = PBXGroup;
			children = (
				8564608B22F3A7B6008904BE /* MovieListTests.swift */,
				8564608D22F3A7B6008904BE /* Info.plist */,
			);
			path = MovieListTests;
			sourceTree = "<group>";
		};
		8564609522F3AB2D008904BE /* Extension */ = {
			isa = PBXGroup;
			children = (
				8564609622F3AB45008904BE /* UIFont.swift */,
				85A24AFE22F3C40D000418F2 /* UIColor.swift */,
				85C12D8922F5B348007F8888 /* Bundle.swift */,
				85C12DBD22F71F15007F8888 /* UIButton.swift */,
			);
			path = Extension;
			sourceTree = "<group>";
		};
		85C12DAF22F5FD91007F8888 /* ViewEntity */ = {
			isa = PBXGroup;
			children = (
				85D188F522F4E8F100E819D4 /* MainViewEntity.swift */,
				85C12DB022F5FDAF007F8888 /* MainMovieViewEntity.swift */,
			);
			path = ViewEntity;
			sourceTree = "<group>";
		};
		85C12DB622F610B4007F8888 /* ViewEntity */ = {
			isa = PBXGroup;
			children = (
				85C12DB722F610DA007F8888 /* DetailViewEntity.swift */,
			);
			path = ViewEntity;
			sourceTree = "<group>";
		};
		85D188FB22F5AC8600E819D4 /* Config */ = {
			isa = PBXGroup;
			children = (
				85D188F922F5A9D100E819D4 /* Debug.xcconfig */,
				85C12D8822F5ADB6007F8888 /* Release.xcconfig */,
			);
			path = Config;
			sourceTree = "<group>";
		};
		C013A987A30272955E4FF046 /* Frameworks */ = {
			isa = PBXGroup;
			children = (
				1C3231C71D0F3A68288A8ACC /* Pods_MovieList.framework */,
			);
			name = Frameworks;
			sourceTree = "<group>";
		};
/* End PBXGroup section */

/* Begin PBXNativeTarget section */
		8564605422F39906008904BE /* MovieList */ = {
			isa = PBXNativeTarget;
			buildConfigurationList = 8564606722F39907008904BE /* Build configuration list for PBXNativeTarget "MovieList" */;
			buildPhases = (
				ED8B27C8F19033898F1B4AD2 /* [CP] Check Pods Manifest.lock */,
				8564605122F39906008904BE /* Sources */,
				8564605222F39906008904BE /* Frameworks */,
				8564605322F39906008904BE /* Resources */,
				5A75BA21CA198C041FAE523F /* [CP] Embed Pods Frameworks */,
			);
			buildRules = (
			);
			dependencies = (
			);
			name = MovieList;
			productName = MovieList;
			productReference = 8564605522F39906008904BE /* MovieList.app */;
			productType = "com.apple.product-type.application";
		};
		8564608822F3A7B5008904BE /* MovieListTests */ = {
			isa = PBXNativeTarget;
			buildConfigurationList = 8564609022F3A7B6008904BE /* Build configuration list for PBXNativeTarget "MovieListTests" */;
			buildPhases = (
				8564608522F3A7B5008904BE /* Sources */,
				8564608622F3A7B5008904BE /* Frameworks */,
				8564608722F3A7B5008904BE /* Resources */,
			);
			buildRules = (
			);
			dependencies = (
				8564608F22F3A7B6008904BE /* PBXTargetDependency */,
			);
			name = MovieListTests;
			productName = MovieListTests;
			productReference = 8564608922F3A7B5008904BE /* MovieListTests.xctest */;
			productType = "com.apple.product-type.bundle.unit-test";
		};
/* End PBXNativeTarget section */

/* Begin PBXProject section */
		8564604D22F39906008904BE /* Project object */ = {
			isa = PBXProject;
			attributes = {
				LastSwiftUpdateCheck = 1020;
				LastUpgradeCheck = 1020;
				ORGANIZATIONNAME = "Filipe Faria";
				TargetAttributes = {
					8564605422F39906008904BE = {
						CreatedOnToolsVersion = 10.2.1;
					};
					8564608822F3A7B5008904BE = {
						CreatedOnToolsVersion = 10.2.1;
						TestTargetID = 8564605422F39906008904BE;
					};
				};
			};
			buildConfigurationList = 8564605022F39906008904BE /* Build configuration list for PBXProject "MovieList" */;
			compatibilityVersion = "Xcode 9.3";
			developmentRegion = en;
			hasScannedForEncodings = 0;
			knownRegions = (
				en,
				Base,
			);
			mainGroup = 8564604C22F39906008904BE;
			productRefGroup = 8564605622F39906008904BE /* Products */;
			projectDirPath = "";
			projectRoot = "";
			targets = (
				8564605422F39906008904BE /* MovieList */,
				8564608822F3A7B5008904BE /* MovieListTests */,
			);
		};
/* End PBXProject section */

/* Begin PBXResourcesBuildPhase section */
		8564605322F39906008904BE /* Resources */ = {
			isa = PBXResourcesBuildPhase;
			buildActionMask = 2147483647;
			files = (
				8564606322F39907008904BE /* LaunchScreen.storyboard in Resources */,
				8564607A22F3A23D008904BE /* HighlightCollectionItemCell.xib in Resources */,
				85A24AFD22F3B056000418F2 /* Colors.xcassets in Resources */,
				85A24B0122F3C74A000418F2 /* HeaderView.xib in Resources */,
				8564608022F3A3AE008904BE /* SourceSansPro-Bold.ttf in Resources */,
				8564608322F3A3AE008904BE /* SourceSansPro-Regular.ttf in Resources */,
				8564608122F3A3AE008904BE /* SourceSansPro-Light.ttf in Resources */,
				8564609422F3A962008904BE /* MovieCell.xib in Resources */,
				85C12DBC22F6FFAC007F8888 /* Localizable.strings in Resources */,
				85A24AFB22F3AF47000418F2 /* HighlightCell.xib in Resources */,
				8564606022F39907008904BE /* Assets.xcassets in Resources */,
				8564605E22F39906008904BE /* Main.storyboard in Resources */,
			);
			runOnlyForDeploymentPostprocessing = 0;
		};
		8564608722F3A7B5008904BE /* Resources */ = {
			isa = PBXResourcesBuildPhase;
			buildActionMask = 2147483647;
			files = (
			);
			runOnlyForDeploymentPostprocessing = 0;
		};
/* End PBXResourcesBuildPhase section */

/* Begin PBXShellScriptBuildPhase section */
		5A75BA21CA198C041FAE523F /* [CP] Embed Pods Frameworks */ = {
			isa = PBXShellScriptBuildPhase;
			buildActionMask = 2147483647;
			files = (
			);
			inputFileListPaths = (
				"${PODS_ROOT}/Target Support Files/Pods-MovieList/Pods-MovieList-frameworks-${CONFIGURATION}-input-files.xcfilelist",
			);
			name = "[CP] Embed Pods Frameworks";
			outputFileListPaths = (
				"${PODS_ROOT}/Target Support Files/Pods-MovieList/Pods-MovieList-frameworks-${CONFIGURATION}-output-files.xcfilelist",
			);
			runOnlyForDeploymentPostprocessing = 0;
			shellPath = /bin/sh;
			shellScript = "\"${PODS_ROOT}/Target Support Files/Pods-MovieList/Pods-MovieList-frameworks.sh\"\n";
			showEnvVarsInLog = 0;
		};
		ED8B27C8F19033898F1B4AD2 /* [CP] Check Pods Manifest.lock */ = {
			isa = PBXShellScriptBuildPhase;
			buildActionMask = 2147483647;
			files = (
			);
			inputFileListPaths = (
			);
			inputPaths = (
				"${PODS_PODFILE_DIR_PATH}/Podfile.lock",
				"${PODS_ROOT}/Manifest.lock",
			);
			name = "[CP] Check Pods Manifest.lock";
			outputFileListPaths = (
			);
			outputPaths = (
				"$(DERIVED_FILE_DIR)/Pods-MovieList-checkManifestLockResult.txt",
			);
			runOnlyForDeploymentPostprocessing = 0;
			shellPath = /bin/sh;
			shellScript = "diff \"${PODS_PODFILE_DIR_PATH}/Podfile.lock\" \"${PODS_ROOT}/Manifest.lock\" > /dev/null\nif [ $? != 0 ] ; then\n    # print error to STDERR\n    echo \"error: The sandbox is not in sync with the Podfile.lock. Run 'pod install' or update your CocoaPods installation.\" >&2\n    exit 1\nfi\n# This output is used by Xcode 'outputs' to avoid re-running this script phase.\necho \"SUCCESS\" > \"${SCRIPT_OUTPUT_FILE_0}\"\n";
			showEnvVarsInLog = 0;
		};
/* End PBXShellScriptBuildPhase section */

/* Begin PBXSourcesBuildPhase section */
		8564605122F39906008904BE /* Sources */ = {
			isa = PBXSourcesBuildPhase;
			buildActionMask = 2147483647;
			files = (
				8564607122F39C70008904BE /* MovieList.swift in Sources */,
				85C12DAA22F5D0D1007F8888 /* DetailViewController.swift in Sources */,
				85C12DBA22F68DD0007F8888 /* ServerError.swift in Sources */,
				85C12D8A22F5B348007F8888 /* Bundle.swift in Sources */,
				85A24B0722F3D6B7000418F2 /* Request.swift in Sources */,
				8564605B22F39906008904BE /* MainViewController.swift in Sources */,
				8564607822F3A22C008904BE /* MovieCell.swift in Sources */,
				8564609722F3AB45008904BE /* UIFont.swift in Sources */,
				85D188F422F4E8C900E819D4 /* MainViewModel.swift in Sources */,
				85D188F622F4E8F100E819D4 /* MainViewEntity.swift in Sources */,
				85C12DB822F610DA007F8888 /* DetailViewEntity.swift in Sources */,
				85C12DBE22F71F15007F8888 /* UIButton.swift in Sources */,
				85C12DB522F610A9007F8888 /* DetailViewModel.swift in Sources */,
				85C12DB122F5FDAF007F8888 /* MainMovieViewEntity.swift in Sources */,
				85C12DAC22F5F7C7007F8888 /* Genre.swift in Sources */,
				85A24AFF22F3C40D000418F2 /* UIColor.swift in Sources */,
				85D188F822F4E9BA00E819D4 /* MainInteractor.swift in Sources */,
				85A24B0522F3D396000418F2 /* MovieApi.swift in Sources */,
				85A24B0322F3C757000418F2 /* HeaderView.swift in Sources */,
				85A24AF922F3AF09000418F2 /* HighlightCell.swift in Sources */,
				85C12DAE22F5FC29007F8888 /* GenreList.swift in Sources */,
				8564607522F3A1BD008904BE /* HighlightCollectionItemCell.swift in Sources */,
				8564607322F39CD0008904BE /* Movie.swift in Sources */,
				8564605922F39906008904BE /* AppDelegate.swift in Sources */,
			);
			runOnlyForDeploymentPostprocessing = 0;
		};
		8564608522F3A7B5008904BE /* Sources */ = {
			isa = PBXSourcesBuildPhase;
			buildActionMask = 2147483647;
			files = (
				8564608C22F3A7B6008904BE /* MovieListTests.swift in Sources */,
			);
			runOnlyForDeploymentPostprocessing = 0;
		};
/* End PBXSourcesBuildPhase section */

/* Begin PBXTargetDependency section */
		8564608F22F3A7B6008904BE /* PBXTargetDependency */ = {
			isa = PBXTargetDependency;
			target = 8564605422F39906008904BE /* MovieList */;
			targetProxy = 8564608E22F3A7B6008904BE /* PBXContainerItemProxy */;
		};
/* End PBXTargetDependency section */

/* Begin PBXVariantGroup section */
		8564605C22F39906008904BE /* Main.storyboard */ = {
			isa = PBXVariantGroup;
			children = (
				8564605D22F39906008904BE /* Base */,
			);
			name = Main.storyboard;
			sourceTree = "<group>";
		};
		8564606122F39907008904BE /* LaunchScreen.storyboard */ = {
			isa = PBXVariantGroup;
			children = (
				8564606222F39907008904BE /* Base */,
			);
			name = LaunchScreen.storyboard;
			sourceTree = "<group>";
		};
/* End PBXVariantGroup section */

/* Begin XCBuildConfiguration section */
		8564606522F39907008904BE /* Debug */ = {
			isa = XCBuildConfiguration;
			buildSettings = {
				ALWAYS_SEARCH_USER_PATHS = NO;
				CLANG_ANALYZER_NONNULL = YES;
				CLANG_ANALYZER_NUMBER_OBJECT_CONVERSION = YES_AGGRESSIVE;
				CLANG_CXX_LANGUAGE_STANDARD = "gnu++14";
				CLANG_CXX_LIBRARY = "libc++";
				CLANG_ENABLE_MODULES = YES;
				CLANG_ENABLE_OBJC_ARC = YES;
				CLANG_ENABLE_OBJC_WEAK = YES;
				CLANG_WARN_BLOCK_CAPTURE_AUTORELEASING = YES;
				CLANG_WARN_BOOL_CONVERSION = YES;
				CLANG_WARN_COMMA = YES;
				CLANG_WARN_CONSTANT_CONVERSION = YES;
				CLANG_WARN_DEPRECATED_OBJC_IMPLEMENTATIONS = YES;
				CLANG_WARN_DIRECT_OBJC_ISA_USAGE = YES_ERROR;
				CLANG_WARN_DOCUMENTATION_COMMENTS = YES;
				CLANG_WARN_EMPTY_BODY = YES;
				CLANG_WARN_ENUM_CONVERSION = YES;
				CLANG_WARN_INFINITE_RECURSION = YES;
				CLANG_WARN_INT_CONVERSION = YES;
				CLANG_WARN_NON_LITERAL_NULL_CONVERSION = YES;
				CLANG_WARN_OBJC_IMPLICIT_RETAIN_SELF = YES;
				CLANG_WARN_OBJC_LITERAL_CONVERSION = YES;
				CLANG_WARN_OBJC_ROOT_CLASS = YES_ERROR;
				CLANG_WARN_RANGE_LOOP_ANALYSIS = YES;
				CLANG_WARN_STRICT_PROTOTYPES = YES;
				CLANG_WARN_SUSPICIOUS_MOVE = YES;
				CLANG_WARN_UNGUARDED_AVAILABILITY = YES_AGGRESSIVE;
				CLANG_WARN_UNREACHABLE_CODE = YES;
				CLANG_WARN__DUPLICATE_METHOD_MATCH = YES;
				CODE_SIGN_IDENTITY = "iPhone Developer";
				COPY_PHASE_STRIP = NO;
				DEBUG_INFORMATION_FORMAT = dwarf;
				ENABLE_STRICT_OBJC_MSGSEND = YES;
				ENABLE_TESTABILITY = YES;
				GCC_C_LANGUAGE_STANDARD = gnu11;
				GCC_DYNAMIC_NO_PIC = NO;
				GCC_NO_COMMON_BLOCKS = YES;
				GCC_OPTIMIZATION_LEVEL = 0;
				GCC_PREPROCESSOR_DEFINITIONS = (
					"DEBUG=1",
					"$(inherited)",
				);
				GCC_WARN_64_TO_32_BIT_CONVERSION = YES;
				GCC_WARN_ABOUT_RETURN_TYPE = YES_ERROR;
				GCC_WARN_UNDECLARED_SELECTOR = YES;
				GCC_WARN_UNINITIALIZED_AUTOS = YES_AGGRESSIVE;
				GCC_WARN_UNUSED_FUNCTION = YES;
				GCC_WARN_UNUSED_VARIABLE = YES;
				IPHONEOS_DEPLOYMENT_TARGET = 12.2;
				MTL_ENABLE_DEBUG_INFO = INCLUDE_SOURCE;
				MTL_FAST_MATH = YES;
				ONLY_ACTIVE_ARCH = YES;
				SDKROOT = iphoneos;
				SWIFT_ACTIVE_COMPILATION_CONDITIONS = DEBUG;
				SWIFT_OPTIMIZATION_LEVEL = "-Onone";
			};
			name = Debug;
		};
		8564606622F39907008904BE /* Release */ = {
			isa = XCBuildConfiguration;
			buildSettings = {
				ALWAYS_SEARCH_USER_PATHS = NO;
				CLANG_ANALYZER_NONNULL = YES;
				CLANG_ANALYZER_NUMBER_OBJECT_CONVERSION = YES_AGGRESSIVE;
				CLANG_CXX_LANGUAGE_STANDARD = "gnu++14";
				CLANG_CXX_LIBRARY = "libc++";
				CLANG_ENABLE_MODULES = YES;
				CLANG_ENABLE_OBJC_ARC = YES;
				CLANG_ENABLE_OBJC_WEAK = YES;
				CLANG_WARN_BLOCK_CAPTURE_AUTORELEASING = YES;
				CLANG_WARN_BOOL_CONVERSION = YES;
				CLANG_WARN_COMMA = YES;
				CLANG_WARN_CONSTANT_CONVERSION = YES;
				CLANG_WARN_DEPRECATED_OBJC_IMPLEMENTATIONS = YES;
				CLANG_WARN_DIRECT_OBJC_ISA_USAGE = YES_ERROR;
				CLANG_WARN_DOCUMENTATION_COMMENTS = YES;
				CLANG_WARN_EMPTY_BODY = YES;
				CLANG_WARN_ENUM_CONVERSION = YES;
				CLANG_WARN_INFINITE_RECURSION = YES;
				CLANG_WARN_INT_CONVERSION = YES;
				CLANG_WARN_NON_LITERAL_NULL_CONVERSION = YES;
				CLANG_WARN_OBJC_IMPLICIT_RETAIN_SELF = YES;
				CLANG_WARN_OBJC_LITERAL_CONVERSION = YES;
				CLANG_WARN_OBJC_ROOT_CLASS = YES_ERROR;
				CLANG_WARN_RANGE_LOOP_ANALYSIS = YES;
				CLANG_WARN_STRICT_PROTOTYPES = YES;
				CLANG_WARN_SUSPICIOUS_MOVE = YES;
				CLANG_WARN_UNGUARDED_AVAILABILITY = YES_AGGRESSIVE;
				CLANG_WARN_UNREACHABLE_CODE = YES;
				CLANG_WARN__DUPLICATE_METHOD_MATCH = YES;
				CODE_SIGN_IDENTITY = "iPhone Developer";
				COPY_PHASE_STRIP = NO;
				DEBUG_INFORMATION_FORMAT = "dwarf-with-dsym";
				ENABLE_NS_ASSERTIONS = NO;
				ENABLE_STRICT_OBJC_MSGSEND = YES;
				GCC_C_LANGUAGE_STANDARD = gnu11;
				GCC_NO_COMMON_BLOCKS = YES;
				GCC_WARN_64_TO_32_BIT_CONVERSION = YES;
				GCC_WARN_ABOUT_RETURN_TYPE = YES_ERROR;
				GCC_WARN_UNDECLARED_SELECTOR = YES;
				GCC_WARN_UNINITIALIZED_AUTOS = YES_AGGRESSIVE;
				GCC_WARN_UNUSED_FUNCTION = YES;
				GCC_WARN_UNUSED_VARIABLE = YES;
				IPHONEOS_DEPLOYMENT_TARGET = 12.2;
				MTL_ENABLE_DEBUG_INFO = NO;
				MTL_FAST_MATH = YES;
				SDKROOT = iphoneos;
				SWIFT_COMPILATION_MODE = wholemodule;
				SWIFT_OPTIMIZATION_LEVEL = "-O";
				VALIDATE_PRODUCT = YES;
			};
			name = Release;
		};
		8564606822F39907008904BE /* Debug */ = {
			isa = XCBuildConfiguration;
			baseConfigurationReference = 85D188F922F5A9D100E819D4 /* Debug.xcconfig */;
			buildSettings = {
				ASSETCATALOG_COMPILER_APPICON_NAME = AppIcon;
				CODE_SIGN_STYLE = Automatic;
				DEVELOPMENT_TEAM = P2KT7G76VC;
				INFOPLIST_FILE = MovieList/Info.plist;
				LD_RUNPATH_SEARCH_PATHS = (
					"$(inherited)",
					"@executable_path/Frameworks",
				);
				PRODUCT_BUNDLE_IDENTIFIER = com.filipefaria.MovieList;
				PRODUCT_NAME = "$(TARGET_NAME)";
				SWIFT_VERSION = 5.0;
				TARGETED_DEVICE_FAMILY = "1,2";
			};
			name = Debug;
		};
		8564606922F39907008904BE /* Release */ = {
			isa = XCBuildConfiguration;
			baseConfigurationReference = 85C12D8822F5ADB6007F8888 /* Release.xcconfig */;
			buildSettings = {
				ASSETCATALOG_COMPILER_APPICON_NAME = AppIcon;
				CODE_SIGN_STYLE = Automatic;
				DEVELOPMENT_TEAM = P2KT7G76VC;
				INFOPLIST_FILE = MovieList/Info.plist;
				LD_RUNPATH_SEARCH_PATHS = (
					"$(inherited)",
					"@executable_path/Frameworks",
				);
				PRODUCT_BUNDLE_IDENTIFIER = com.filipefaria.MovieList;
				PRODUCT_NAME = "$(TARGET_NAME)";
				SWIFT_VERSION = 5.0;
				TARGETED_DEVICE_FAMILY = "1,2";
			};
			name = Release;
		};
		8564609122F3A7B6008904BE /* Debug */ = {
			isa = XCBuildConfiguration;
			buildSettings = {
				BUNDLE_LOADER = "$(TEST_HOST)";
				CODE_SIGN_STYLE = Automatic;
				DEVELOPMENT_TEAM = P2KT7G76VC;
				INFOPLIST_FILE = MovieListTests/Info.plist;
				LD_RUNPATH_SEARCH_PATHS = (
					"$(inherited)",
					"@executable_path/Frameworks",
					"@loader_path/Frameworks",
				);
				PRODUCT_BUNDLE_IDENTIFIER = com.filipefaria.MovieListTests;
				PRODUCT_NAME = "$(TARGET_NAME)";
				SWIFT_VERSION = 5.0;
				TARGETED_DEVICE_FAMILY = "1,2";
				TEST_HOST = "$(BUILT_PRODUCTS_DIR)/MovieList.app/MovieList";
			};
			name = Debug;
		};
		8564609222F3A7B6008904BE /* Release */ = {
			isa = XCBuildConfiguration;
			buildSettings = {
				BUNDLE_LOADER = "$(TEST_HOST)";
				CODE_SIGN_STYLE = Automatic;
				DEVELOPMENT_TEAM = P2KT7G76VC;
				INFOPLIST_FILE = MovieListTests/Info.plist;
				LD_RUNPATH_SEARCH_PATHS = (
					"$(inherited)",
					"@executable_path/Frameworks",
					"@loader_path/Frameworks",
				);
				PRODUCT_BUNDLE_IDENTIFIER = com.filipefaria.MovieListTests;
				PRODUCT_NAME = "$(TARGET_NAME)";
				SWIFT_VERSION = 5.0;
				TARGETED_DEVICE_FAMILY = "1,2";
				TEST_HOST = "$(BUILT_PRODUCTS_DIR)/MovieList.app/MovieList";
			};
			name = Release;
		};
/* End XCBuildConfiguration section */

/* Begin XCConfigurationList section */
		8564605022F39906008904BE /* Build configuration list for PBXProject "MovieList" */ = {
			isa = XCConfigurationList;
			buildConfigurations = (
				8564606522F39907008904BE /* Debug */,
				8564606622F39907008904BE /* Release */,
			);
			defaultConfigurationIsVisible = 0;
			defaultConfigurationName = Release;
		};
		8564606722F39907008904BE /* Build configuration list for PBXNativeTarget "MovieList" */ = {
			isa = XCConfigurationList;
			buildConfigurations = (
				8564606822F39907008904BE /* Debug */,
				8564606922F39907008904BE /* Release */,
			);
			defaultConfigurationIsVisible = 0;
			defaultConfigurationName = Release;
		};
		8564609022F3A7B6008904BE /* Build configuration list for PBXNativeTarget "MovieListTests" */ = {
			isa = XCConfigurationList;
			buildConfigurations = (
				8564609122F3A7B6008904BE /* Debug */,
				8564609222F3A7B6008904BE /* Release */,
			);
			defaultConfigurationIsVisible = 0;
			defaultConfigurationName = Release;
		};
/* End XCConfigurationList section */
	};
	rootObject = 8564604D22F39906008904BE /* Project object */;
}
